# THIS IS AN AUTOGENERATED FILE. DO NOT EDIT THIS FILE DIRECTLY.
# yarn lockfile v1


"pngjs@^3.0.1":
  "integrity" "sha512-oubNRQBIq7ie4Y/w1i9J6pPQsMXD3Nocno8qPGgiOcy04R8KcsEPJRrfzrX8I6T3vtyoEGr7u++OFXGOxJmqOg=="
  "resolved" "https://registry.npmjs.org/pngjs/-/pngjs-3.0.1.tgz"
  "version" "3.0.1"
